
Microsoft Visual Studio Solution File, Format Version 12.00
# Visual Studio Version 17
VisualStudioVersion = 17.0.31903.59
MinimumVisualStudioVersion = 10.0.40219.1
Project("{2150E333-8FDC-42A3-9474-1A3956D46DE8}") = "DocsFinder", "DocsFinder", "{14815581-DB07-4729-8AF9-B0848798EC55}"
EndProject
Project("{6EC3EE1D-3C4E-46DD-8F32-0CC8E7565705}") = "App", "DocsFinder\App\App.fsproj", "{C21B9F0B-7DA3-45C6-B0C2-EFD24F114A4B}"
EndProject
Global
	GlobalSection(SolutionConfigurationPlatforms) = preSolution
		Debug|Any CPU = Debug|Any CPU
		Release|Any CPU = Release|Any CPU
	EndGlobalSection
	GlobalSection(ProjectConfigurationPlatforms) = postSolution
		{C21B9F0B-7DA3-45C6-B0C2-EFD24F114A4B}.Debug|Any CPU.ActiveCfg = Debug|Any CPU
		{C21B9F0B-7DA3-45C6-B0C2-EFD24F114A4B}.Debug|Any CPU.Build.0 = Debug|Any CPU
		{C21B9F0B-7DA3-45C6-B0C2-EFD24F114A4B}.Release|Any CPU.ActiveCfg = Release|Any CPU
		{C21B9F0B-7DA3-45C6-B0C2-EFD24F114A4B}.Release|Any CPU.Build.0 = Release|Any CPU
	EndGlobalSection
	GlobalSection(SolutionProperties) = preSolution
		HideSolutionNode = FALSE
	EndGlobalSection
	GlobalSection(NestedProjects) = preSolution
		{C21B9F0B-7DA3-45C6-B0C2-EFD24F114A4B} = {14815581-DB07-4729-8AF9-B0848798EC55}
	EndGlobalSection
	GlobalSection(ExtensibilityGlobals) = postSolution
		SolutionGuid = {D4FA036F-912B-4904-9B8F-57114084A79B}
	EndGlobalSection
EndGlobal
